
Microsoft Visual Studio Solution File, Format Version 12.00
# Visual Studio Version 17
VisualStudioVersion = 17.11.35303.130
MinimumVisualStudioVersion = 10.0.40219.1
Project("{FAE04EC0-301F-11D3-BF4B-00C04F79EFBC}") = "Implementación de Listas Enlazadas", "Implementación de Listas Enlazadas.csproj", "{E143EC42-B3FF-485A-A6D3-1D8833E235DA}"
EndProject
Global
	GlobalSection(SolutionConfigurationPlatforms) = preSolution
		Debug|Any CPU = Debug|Any CPU
		Release|Any CPU = Release|Any CPU
	EndGlobalSection
	GlobalSection(ProjectConfigurationPlatforms) = postSolution
		{E143EC42-B3FF-485A-A6D3-1D8833E235DA}.Debug|Any CPU.ActiveCfg = Debug|Any CPU
		{E143EC42-B3FF-485A-A6D3-1D8833E235DA}.Debug|Any CPU.Build.0 = Debug|Any CPU
		{E143EC42-B3FF-485A-A6D3-1D8833E235DA}.Release|Any CPU.ActiveCfg = Release|Any CPU
		{E143EC42-B3FF-485A-A6D3-1D8833E235DA}.Release|Any CPU.Build.0 = Release|Any CPU
	EndGlobalSection
	GlobalSection(SolutionProperties) = preSolution
		HideSolutionNode = FALSE
	EndGlobalSection
	GlobalSection(ExtensibilityGlobals) = postSolution
		SolutionGuid = {BCC9F119-21E3-4304-8B0D-9DF6E75FBD67}
	EndGlobalSection
EndGlobal
